
Microsoft Visual Studio Solution File, Format Version 12.00
# Visual Studio Version 16
VisualStudioVersion = 16.0.36107.64
MinimumVisualStudioVersion = 10.0.40219.1
Project("{FAE04EC0-301F-11D3-BF4B-00C04F79EFBC}") = "smModManager", "smModManager\smModManager.csproj", "{539F74D1-D274-4EBD-A26B-46C87D2BBF66}"
EndProject
Global
	GlobalSection(SolutionConfigurationPlatforms) = preSolution
		Debug|Any CPU = Debug|Any CPU
		Release|Any CPU = Release|Any CPU
	EndGlobalSection
	GlobalSection(ProjectConfigurationPlatforms) = postSolution
		{539F74D1-D274-4EBD-A26B-46C87D2BBF66}.Debug|Any CPU.ActiveCfg = Debug|Any CPU
		{539F74D1-D274-4EBD-A26B-46C87D2BBF66}.Debug|Any CPU.Build.0 = Debug|Any CPU
		{539F74D1-D274-4EBD-A26B-46C87D2BBF66}.Release|Any CPU.ActiveCfg = Release|Any CPU
		{539F74D1-D274-4EBD-A26B-46C87D2BBF66}.Release|Any CPU.Build.0 = Release|Any CPU
	EndGlobalSection
	GlobalSection(SolutionProperties) = preSolution
		HideSolutionNode = FALSE
	EndGlobalSection
	GlobalSection(ExtensibilityGlobals) = postSolution
		SolutionGuid = {341ABD98-D417-4522-A1FA-58C68618A7A3}
	EndGlobalSection
EndGlobal
